
Microsoft Visual Studio Solution File, Format Version 12.00
# Visual Studio Version 17
VisualStudioVersion = 17.4.33213.308
MinimumVisualStudioVersion = 10.0.40219.1
Project("{FAE04EC0-301F-11D3-BF4B-00C04F79EFBC}") = "HW03", "HW03.csproj", "{D869DE82-8892-4C4E-97E4-E4FF3DA6DF8A}"
EndProject
Global
	GlobalSection(SolutionConfigurationPlatforms) = preSolution
		Debug|Any CPU = Debug|Any CPU
		Release|Any CPU = Release|Any CPU
	EndGlobalSection
	GlobalSection(ProjectConfigurationPlatforms) = postSolution
		{D869DE82-8892-4C4E-97E4-E4FF3DA6DF8A}.Debug|Any CPU.ActiveCfg = Debug|Any CPU
		{D869DE82-8892-4C4E-97E4-E4FF3DA6DF8A}.Debug|Any CPU.Build.0 = Debug|Any CPU
		{D869DE82-8892-4C4E-97E4-E4FF3DA6DF8A}.Release|Any CPU.ActiveCfg = Release|Any CPU
		{D869DE82-8892-4C4E-97E4-E4FF3DA6DF8A}.Release|Any CPU.Build.0 = Release|Any CPU
	EndGlobalSection
	GlobalSection(SolutionProperties) = preSolution
		HideSolutionNode = FALSE
	EndGlobalSection
	GlobalSection(ExtensibilityGlobals) = postSolution
		SolutionGuid = {AAFCF3D2-B2C9-4C20-AB2D-841283C2DF45}
	EndGlobalSection
EndGlobal
